
Microsoft Visual Studio Solution File, Format Version 12.00
# Visual Studio Version 16
VisualStudioVersion = 16.0.30104.148
MinimumVisualStudioVersion = 10.0.40219.1
Project("{FAE04EC0-301F-11D3-BF4B-00C04F79EFBC}") = "Fxr.BgService", "Fxr.BgService\Fxr.BgService.csproj", "{49B4371A-A4AB-46E9-9B77-4276F37E2E77}"
EndProject
Global
	GlobalSection(SolutionConfigurationPlatforms) = preSolution
		Debug|Any CPU = Debug|Any CPU
		Release|Any CPU = Release|Any CPU
	EndGlobalSection
	GlobalSection(ProjectConfigurationPlatforms) = postSolution
		{49B4371A-A4AB-46E9-9B77-4276F37E2E77}.Debug|Any CPU.ActiveCfg = Debug|Any CPU
		{49B4371A-A4AB-46E9-9B77-4276F37E2E77}.Debug|Any CPU.Build.0 = Debug|Any CPU
		{49B4371A-A4AB-46E9-9B77-4276F37E2E77}.Release|Any CPU.ActiveCfg = Release|Any CPU
		{49B4371A-A4AB-46E9-9B77-4276F37E2E77}.Release|Any CPU.Build.0 = Release|Any CPU
	EndGlobalSection
	GlobalSection(SolutionProperties) = preSolution
		HideSolutionNode = FALSE
	EndGlobalSection
	GlobalSection(ExtensibilityGlobals) = postSolution
		SolutionGuid = {8436F488-A874-4A85-B900-69D2C988EC7E}
	EndGlobalSection
EndGlobal
